
Microsoft Visual Studio Solution File, Format Version 12.00
# Visual Studio Version 16
VisualStudioVersion = 16.0.30717.126
MinimumVisualStudioVersion = 10.0.40219.1
Project("{FAE04EC0-301F-11D3-BF4B-00C04F79EFBC}") = "Boekenapplicatie", "Boekenapplicatie\Boekenapplicatie.csproj", "{73EE782B-BEFC-4865-B7B3-30AC77F94D45}"
EndProject
Global
	GlobalSection(SolutionConfigurationPlatforms) = preSolution
		Debug|Any CPU = Debug|Any CPU
		Release|Any CPU = Release|Any CPU
	EndGlobalSection
	GlobalSection(ProjectConfigurationPlatforms) = postSolution
		{73EE782B-BEFC-4865-B7B3-30AC77F94D45}.Debug|Any CPU.ActiveCfg = Debug|Any CPU
		{73EE782B-BEFC-4865-B7B3-30AC77F94D45}.Debug|Any CPU.Build.0 = Debug|Any CPU
		{73EE782B-BEFC-4865-B7B3-30AC77F94D45}.Release|Any CPU.ActiveCfg = Release|Any CPU
		{73EE782B-BEFC-4865-B7B3-30AC77F94D45}.Release|Any CPU.Build.0 = Release|Any CPU
	EndGlobalSection
	GlobalSection(SolutionProperties) = preSolution
		HideSolutionNode = FALSE
	EndGlobalSection
	GlobalSection(ExtensibilityGlobals) = postSolution
		SolutionGuid = {E5BAEA91-9E34-4146-A67A-BAEABBFAADA1}
	EndGlobalSection
EndGlobal
