
Microsoft Visual Studio Solution File, Format Version 12.00
# Visual Studio Version 16
VisualStudioVersion = 16.0.30907.101
MinimumVisualStudioVersion = 10.0.40219.1
Project("{9A19103F-16F7-4668-BE54-9A1E7A4F7556}") = "Commuting", "..\Commuting\Commuting.csproj", "{A8C15458-1EED-444E-9DEE-70B637BE8641}"
EndProject
Project("{FAE04EC0-301F-11D3-BF4B-00C04F79EFBC}") = "UserExample", "UserExample\UserExample.csproj", "{E9712548-781B-4EBB-A256-95CA40A48B1B}"
EndProject
Global
	GlobalSection(SolutionConfigurationPlatforms) = preSolution
		Debug|Any CPU = Debug|Any CPU
		Release|Any CPU = Release|Any CPU
	EndGlobalSection
	GlobalSection(ProjectConfigurationPlatforms) = postSolution
		{A8C15458-1EED-444E-9DEE-70B637BE8641}.Debug|Any CPU.ActiveCfg = Debug|Any CPU
		{A8C15458-1EED-444E-9DEE-70B637BE8641}.Debug|Any CPU.Build.0 = Debug|Any CPU
		{A8C15458-1EED-444E-9DEE-70B637BE8641}.Release|Any CPU.ActiveCfg = Release|Any CPU
		{A8C15458-1EED-444E-9DEE-70B637BE8641}.Release|Any CPU.Build.0 = Release|Any CPU
		{E9712548-781B-4EBB-A256-95CA40A48B1B}.Debug|Any CPU.ActiveCfg = Debug|Any CPU
		{E9712548-781B-4EBB-A256-95CA40A48B1B}.Debug|Any CPU.Build.0 = Debug|Any CPU
		{E9712548-781B-4EBB-A256-95CA40A48B1B}.Release|Any CPU.ActiveCfg = Release|Any CPU
		{E9712548-781B-4EBB-A256-95CA40A48B1B}.Release|Any CPU.Build.0 = Release|Any CPU
	EndGlobalSection
	GlobalSection(SolutionProperties) = preSolution
		HideSolutionNode = FALSE
	EndGlobalSection
	GlobalSection(ExtensibilityGlobals) = postSolution
		SolutionGuid = {9DE3768B-9E8A-470E-B909-B610307EBCFF}
	EndGlobalSection
EndGlobal
