
Microsoft Visual Studio Solution File, Format Version 12.00
# Visual Studio Version 16
VisualStudioVersion = 16.0.30717.126
MinimumVisualStudioVersion = 10.0.40219.1
Project("{FAE04EC0-301F-11D3-BF4B-00C04F79EFBC}") = "EasyBank", "EasyBank\EasyBank.csproj", "{7329B7D1-3BEF-4256-8BD2-1BCB47C3C00B}"
EndProject
Project("{FAE04EC0-301F-11D3-BF4B-00C04F79EFBC}") = "AutoDemo", "AutoDemo\AutoDemo.csproj", "{7515D553-BB98-4485-8CA8-280FBE541ACB}"
EndProject
Global
	GlobalSection(SolutionConfigurationPlatforms) = preSolution
		Debug|Any CPU = Debug|Any CPU
		Release|Any CPU = Release|Any CPU
	EndGlobalSection
	GlobalSection(ProjectConfigurationPlatforms) = postSolution
		{7329B7D1-3BEF-4256-8BD2-1BCB47C3C00B}.Debug|Any CPU.ActiveCfg = Debug|Any CPU
		{7329B7D1-3BEF-4256-8BD2-1BCB47C3C00B}.Debug|Any CPU.Build.0 = Debug|Any CPU
		{7329B7D1-3BEF-4256-8BD2-1BCB47C3C00B}.Release|Any CPU.ActiveCfg = Release|Any CPU
		{7329B7D1-3BEF-4256-8BD2-1BCB47C3C00B}.Release|Any CPU.Build.0 = Release|Any CPU
		{7515D553-BB98-4485-8CA8-280FBE541ACB}.Debug|Any CPU.ActiveCfg = Debug|Any CPU
		{7515D553-BB98-4485-8CA8-280FBE541ACB}.Debug|Any CPU.Build.0 = Debug|Any CPU
		{7515D553-BB98-4485-8CA8-280FBE541ACB}.Release|Any CPU.ActiveCfg = Release|Any CPU
		{7515D553-BB98-4485-8CA8-280FBE541ACB}.Release|Any CPU.Build.0 = Release|Any CPU
	EndGlobalSection
	GlobalSection(SolutionProperties) = preSolution
		HideSolutionNode = FALSE
	EndGlobalSection
	GlobalSection(ExtensibilityGlobals) = postSolution
		SolutionGuid = {1F286D79-250F-430F-9477-81B3C224112D}
	EndGlobalSection
EndGlobal
